Microsoft Visual Studio Solution File, Format Version 12.00
# Visual Studio Version 17
VisualStudioVersion = 17.11.35201.85
MinimumVisualStudioVersion = 10.0.40219.1
Project("{2150E333-8FDC-42A3-9474-1A3956D46DE8}") = "configurations", "configurations", "{AF00106A-5B9D-5A3C-A14F-692EC1A10806}"
	ProjectSection(SolutionItems) = preProject
		.editorconfig = .editorconfig
		.gitattributes = .gitattributes
		.gitignore = .gitignore
		coverlet.runsettings = coverlet.runsettings
		directory.build.props = directory.build.props
		directory.packages.props = directory.packages.props
		nuget.config = nuget.config
		.config\stylecop.json = .config\stylecop.json
	EndProjectSection
EndProject
Project("{2150E333-8FDC-42A3-9474-1A3956D46DE8}") = ".github", ".github", "{862D2BA5-904F-93EC-EB36-CF73F33AB34E}"
	ProjectSection(SolutionItems) = preProject
		.github\ISSUE_TEMPLATE\bug.yml = .github\ISSUE_TEMPLATE\bug.yml
		.github\codeowners = .github\codeowners
		.github\ISSUE_TEMPLATE\config.yml = .github\ISSUE_TEMPLATE\config.yml
		.github\dependabot.yml = .github\dependabot.yml
		.github\ISSUE_TEMPLATE\feature.yml = .github\ISSUE_TEMPLATE\feature.yml
	EndProjectSection
EndProject
Project("{2150E333-8FDC-42A3-9474-1A3956D46DE8}") = "rules", "rules", "{FBB877F0-D12D-E8E7-DEDC-4617AF651DC0}"
	ProjectSection(SolutionItems) = preProject
		rules\code.style.editorconfig = rules\code.style.editorconfig
		rules\disabled.editorconfig = rules\disabled.editorconfig
		rules\meziantou.editorconfig = rules\meziantou.editorconfig
		rules\name.style.editorconfig = rules\name.style.editorconfig
		rules\sonar.editorconfig = rules\sonar.editorconfig
		rules\stylecop.editorconfig = rules\stylecop.editorconfig
		rules\vsthrd.editorconfig = rules\vsthrd.editorconfig
	EndProjectSection
EndProject
Project("{2150E333-8FDC-42A3-9474-1A3956D46DE8}") = "src", "src", "{53492550-C04A-09A5-14C9-3C5A5F4A54F6}"
	ProjectSection(SolutionItems) = preProject
		src\directory.build.props = src\directory.build.props
		src\directory.packages.props = src\directory.packages.props
	EndProjectSection
EndProject
Project("{2150E333-8FDC-42A3-9474-1A3956D46DE8}") = "core", "core", "{FBF56CC3-7AE6-AD2D-3F14-7F97FD322CD6}"
EndProject
Project("{2150E333-8FDC-42A3-9474-1A3956D46DE8}") = "docs", "docs", "{208BA388-4CEE-2CBF-559C-5607C099C1F8}"
	ProjectSection(SolutionItems) = preProject
		changelog.md = changelog.md
		license = license
		prometheus.changelog.md = prometheus.changelog.md
		readme.md = readme.md
	EndProjectSection
EndProject
Project("{2150E333-8FDC-42A3-9474-1A3956D46DE8}") = "tests", "tests", "{0AB3BF05-4346-4AA6-1389-037BE0695223}"
	ProjectSection(SolutionItems) = preProject
		tests\.editorconfig = tests\.editorconfig
		tests\directory.build.props = tests\directory.build.props
		tests\directory.packages.props = tests\directory.packages.props
	EndProjectSection
EndProject
Project("{9A19103F-16F7-4668-BE54-9A1E7A4F7556}") = "Atlas.Domain", "src\Atlas.Domain\Atlas.Domain.csproj", "{5B76BB50-8265-40BD-57F3-AE1818EBFD67}"
EndProject
Project("{9A19103F-16F7-4668-BE54-9A1E7A4F7556}") = "Atlas.Web.App", "src\Atlas.Web.App\Atlas.Web.App.csproj", "{EE827970-0C40-936A-2BA2-BCE377825A38}"
EndProject
Project("{9A19103F-16F7-4668-BE54-9A1E7A4F7556}") = "Atlas.Domain.Tests", "tests\Atlas.Domain.Tests\Atlas.Domain.Tests.csproj", "{2BBFFFF6-F0DA-3F55-6479-61EBF9429846}"
EndProject
Project("{2150E333-8FDC-42A3-9474-1A3956D46DE8}") = "infrastructure", "infrastructure", "{FCEA8836-A284-4A97-AECE-E07685D53A74}"
EndProject
Project("{FAE04EC0-301F-11D3-BF4B-00C04F79EFBC}") = "Atlas.Infrastructure.Json", "src\Atlas.Infrastructure.Json\Atlas.Infrastructure.Json.csproj", "{911B8283-8143-47AF-AD60-60A16B9A4C43}"
EndProject
Project("{FAE04EC0-301F-11D3-BF4B-00C04F79EFBC}") = "Atlas.Infrastructure.Json.Tests", "tests\Atlas.Infrastructure.Json.Tests\Atlas.Infrastructure.Json.Tests.csproj", "{9DCB80F1-BAAF-45C8-A9C8-F9390CFD52BD}"
EndProject
Project("{FAE04EC0-301F-11D3-BF4B-00C04F79EFBC}") = "Atlas.Application", "src\Atlas.Application\Atlas.Application.csproj", "{4E091E7C-3CC6-4674-BE28-AB10D4ECD12D}"
EndProject
Project("{FAE04EC0-301F-11D3-BF4B-00C04F79EFBC}") = "Atlas.Application.Tests", "tests\Atlas.Application.Tests\Atlas.Application.Tests.csproj", "{B1BD082C-01AC-4E0D-B46A-AF0626A5EF2B}"
EndProject
Project("{FAE04EC0-301F-11D3-BF4B-00C04F79EFBC}") = "Prometheus.Tests", "tests\Prometheus.Tests\Prometheus.Tests.csproj", "{688E8CB4-2B97-436B-B0A9-A824DAEC3612}"
EndProject
Project("{FAE04EC0-301F-11D3-BF4B-00C04F79EFBC}") = "Prometheus", "src\Prometheus\Prometheus.csproj", "{B4DC8645-4CB9-4F9F-9352-2B7CFE3323E0}"
EndProject
Project("{FAE04EC0-301F-11D3-BF4B-00C04F79EFBC}") = "Atlas.Web.App.Tests", "tests\Atlas.Web.App.Tests\Atlas.Web.App.Tests.csproj", "{FAD47D29-4628-40D5-B265-BCEA46B911BE}"
EndProject
Project("{FAE04EC0-301F-11D3-BF4B-00C04F79EFBC}") = "Atlas.Infrastructure", "src\Atlas.Infrastructure\Atlas.Infrastructure.csproj", "{CEEB80DE-1498-47C0-95FA-C45D62A9949B}"
EndProject
Project("{FAE04EC0-301F-11D3-BF4B-00C04F79EFBC}") = "Atlas.Infrastructure.Tests", "tests\Atlas.Infrastructure.Tests\Atlas.Infrastructure.Tests.csproj", "{F6753BFA-4A44-478D-8A7F-F709B67B07E3}"
EndProject
Global
	GlobalSection(SolutionConfigurationPlatforms) = preSolution
		Debug|Any CPU = Debug|Any CPU
		Release|Any CPU = Release|Any CPU
	EndGlobalSection
	GlobalSection(ProjectConfigurationPlatforms) = postSolution
		{5B76BB50-8265-40BD-57F3-AE1818EBFD67}.Debug|Any CPU.ActiveCfg = Debug|Any CPU
		{5B76BB50-8265-40BD-57F3-AE1818EBFD67}.Debug|Any CPU.Build.0 = Debug|Any CPU
		{5B76BB50-8265-40BD-57F3-AE1818EBFD67}.Release|Any CPU.ActiveCfg = Release|Any CPU
		{5B76BB50-8265-40BD-57F3-AE1818EBFD67}.Release|Any CPU.Build.0 = Release|Any CPU
		{EE827970-0C40-936A-2BA2-BCE377825A38}.Debug|Any CPU.ActiveCfg = Debug|Any CPU
		{EE827970-0C40-936A-2BA2-BCE377825A38}.Debug|Any CPU.Build.0 = Debug|Any CPU
		{EE827970-0C40-936A-2BA2-BCE377825A38}.Release|Any CPU.ActiveCfg = Release|Any CPU
		{EE827970-0C40-936A-2BA2-BCE377825A38}.Release|Any CPU.Build.0 = Release|Any CPU
		{2BBFFFF6-F0DA-3F55-6479-61EBF9429846}.Debug|Any CPU.ActiveCfg = Debug|Any CPU
		{2BBFFFF6-F0DA-3F55-6479-61EBF9429846}.Debug|Any CPU.Build.0 = Debug|Any CPU
		{2BBFFFF6-F0DA-3F55-6479-61EBF9429846}.Release|Any CPU.ActiveCfg = Release|Any CPU
		{2BBFFFF6-F0DA-3F55-6479-61EBF9429846}.Release|Any CPU.Build.0 = Release|Any CPU
		{911B8283-8143-47AF-AD60-60A16B9A4C43}.Debug|Any CPU.ActiveCfg = Debug|Any CPU
		{911B8283-8143-47AF-AD60-60A16B9A4C43}.Debug|Any CPU.Build.0 = Debug|Any CPU
		{911B8283-8143-47AF-AD60-60A16B9A4C43}.Release|Any CPU.ActiveCfg = Release|Any CPU
		{911B8283-8143-47AF-AD60-60A16B9A4C43}.Release|Any CPU.Build.0 = Release|Any CPU
		{9DCB80F1-BAAF-45C8-A9C8-F9390CFD52BD}.Debug|Any CPU.ActiveCfg = Debug|Any CPU
		{9DCB80F1-BAAF-45C8-A9C8-F9390CFD52BD}.Debug|Any CPU.Build.0 = Debug|Any CPU
		{9DCB80F1-BAAF-45C8-A9C8-F9390CFD52BD}.Release|Any CPU.ActiveCfg = Release|Any CPU
		{9DCB80F1-BAAF-45C8-A9C8-F9390CFD52BD}.Release|Any CPU.Build.0 = Release|Any CPU
		{4E091E7C-3CC6-4674-BE28-AB10D4ECD12D}.Debug|Any CPU.ActiveCfg = Debug|Any CPU
		{4E091E7C-3CC6-4674-BE28-AB10D4ECD12D}.Debug|Any CPU.Build.0 = Debug|Any CPU
		{4E091E7C-3CC6-4674-BE28-AB10D4ECD12D}.Release|Any CPU.ActiveCfg = Release|Any CPU
		{4E091E7C-3CC6-4674-BE28-AB10D4ECD12D}.Release|Any CPU.Build.0 = Release|Any CPU
		{B1BD082C-01AC-4E0D-B46A-AF0626A5EF2B}.Debug|Any CPU.ActiveCfg = Debug|Any CPU
		{B1BD082C-01AC-4E0D-B46A-AF0626A5EF2B}.Debug|Any CPU.Build.0 = Debug|Any CPU
		{B1BD082C-01AC-4E0D-B46A-AF0626A5EF2B}.Release|Any CPU.ActiveCfg = Release|Any CPU
		{B1BD082C-01AC-4E0D-B46A-AF0626A5EF2B}.Release|Any CPU.Build.0 = Release|Any CPU
		{688E8CB4-2B97-436B-B0A9-A824DAEC3612}.Debug|Any CPU.ActiveCfg = Debug|Any CPU
		{688E8CB4-2B97-436B-B0A9-A824DAEC3612}.Debug|Any CPU.Build.0 = Debug|Any CPU
		{688E8CB4-2B97-436B-B0A9-A824DAEC3612}.Release|Any CPU.ActiveCfg = Release|Any CPU
		{688E8CB4-2B97-436B-B0A9-A824DAEC3612}.Release|Any CPU.Build.0 = Release|Any CPU
		{B4DC8645-4CB9-4F9F-9352-2B7CFE3323E0}.Debug|Any CPU.ActiveCfg = Debug|Any CPU
		{B4DC8645-4CB9-4F9F-9352-2B7CFE3323E0}.Debug|Any CPU.Build.0 = Debug|Any CPU
		{B4DC8645-4CB9-4F9F-9352-2B7CFE3323E0}.Release|Any CPU.ActiveCfg = Release|Any CPU
		{B4DC8645-4CB9-4F9F-9352-2B7CFE3323E0}.Release|Any CPU.Build.0 = Release|Any CPU
		{FAD47D29-4628-40D5-B265-BCEA46B911BE}.Debug|Any CPU.ActiveCfg = Debug|Any CPU
		{FAD47D29-4628-40D5-B265-BCEA46B911BE}.Debug|Any CPU.Build.0 = Debug|Any CPU
		{FAD47D29-4628-40D5-B265-BCEA46B911BE}.Release|Any CPU.ActiveCfg = Release|Any CPU
		{FAD47D29-4628-40D5-B265-BCEA46B911BE}.Release|Any CPU.Build.0 = Release|Any CPU
		{CEEB80DE-1498-47C0-95FA-C45D62A9949B}.Debug|Any CPU.ActiveCfg = Debug|Any CPU
		{CEEB80DE-1498-47C0-95FA-C45D62A9949B}.Debug|Any CPU.Build.0 = Debug|Any CPU
		{CEEB80DE-1498-47C0-95FA-C45D62A9949B}.Release|Any CPU.ActiveCfg = Release|Any CPU
		{CEEB80DE-1498-47C0-95FA-C45D62A9949B}.Release|Any CPU.Build.0 = Release|Any CPU
		{F6753BFA-4A44-478D-8A7F-F709B67B07E3}.Debug|Any CPU.ActiveCfg = Debug|Any CPU
		{F6753BFA-4A44-478D-8A7F-F709B67B07E3}.Debug|Any CPU.Build.0 = Debug|Any CPU
		{F6753BFA-4A44-478D-8A7F-F709B67B07E3}.Release|Any CPU.ActiveCfg = Release|Any CPU
		{F6753BFA-4A44-478D-8A7F-F709B67B07E3}.Release|Any CPU.Build.0 = Release|Any CPU
	EndGlobalSection
	GlobalSection(SolutionProperties) = preSolution
		HideSolutionNode = FALSE
	EndGlobalSection
	GlobalSection(NestedProjects) = preSolution
		{862D2BA5-904F-93EC-EB36-CF73F33AB34E} = {AF00106A-5B9D-5A3C-A14F-692EC1A10806}
		{FBB877F0-D12D-E8E7-DEDC-4617AF651DC0} = {AF00106A-5B9D-5A3C-A14F-692EC1A10806}
		{53492550-C04A-09A5-14C9-3C5A5F4A54F6} = {AF00106A-5B9D-5A3C-A14F-692EC1A10806}
		{5B76BB50-8265-40BD-57F3-AE1818EBFD67} = {FBF56CC3-7AE6-AD2D-3F14-7F97FD322CD6}
		{2BBFFFF6-F0DA-3F55-6479-61EBF9429846} = {0AB3BF05-4346-4AA6-1389-037BE0695223}
		{911B8283-8143-47AF-AD60-60A16B9A4C43} = {FCEA8836-A284-4A97-AECE-E07685D53A74}
		{9DCB80F1-BAAF-45C8-A9C8-F9390CFD52BD} = {0AB3BF05-4346-4AA6-1389-037BE0695223}
		{4E091E7C-3CC6-4674-BE28-AB10D4ECD12D} = {FBF56CC3-7AE6-AD2D-3F14-7F97FD322CD6}
		{B1BD082C-01AC-4E0D-B46A-AF0626A5EF2B} = {0AB3BF05-4346-4AA6-1389-037BE0695223}
		{688E8CB4-2B97-436B-B0A9-A824DAEC3612} = {0AB3BF05-4346-4AA6-1389-037BE0695223}
		{FAD47D29-4628-40D5-B265-BCEA46B911BE} = {0AB3BF05-4346-4AA6-1389-037BE0695223}
		{CEEB80DE-1498-47C0-95FA-C45D62A9949B} = {FCEA8836-A284-4A97-AECE-E07685D53A74}
		{F6753BFA-4A44-478D-8A7F-F709B67B07E3} = {0AB3BF05-4346-4AA6-1389-037BE0695223}
	EndGlobalSection
	GlobalSection(ExtensibilityGlobals) = postSolution
		SolutionGuid = {BD34E4C3-1BB6-49BA-AD59-5C4C8D56DEC5}
	EndGlobalSection
EndGlobal
